// !$*UTF8*$!
{
	archiveVersion = 1;
	classes = {
	};
	objectVersion = 50;
	objects = {

/* Begin PBXBuildFile section */
		F39EBDA223A36445002BDE18 /* AppDelegate.m in Sources */ = {isa = PBXBuildFile; fileRef = F39EBDA123A36445002BDE18 /* AppDelegate.m */; };
		F39EBDA423A36447002BDE18 /* Assets.xcassets in Resources */ = {isa = PBXBuildFile; fileRef = F39EBDA323A36447002BDE18 /* Assets.xcassets */; };
		F39EBDA723A36447002BDE18 /* MainMenu.xib in Resources */ = {isa = PBXBuildFile; fileRef = F39EBDA523A36447002BDE18 /* MainMenu.xib */; };
		F39EBDAA23A36447002BDE18 /* main.m in Sources */ = {isa = PBXBuildFile; fileRef = F39EBDA923A36447002BDE18 /* main.m */; };
		F39EBDB323A37016002BDE18 /* com.haocaihaocai.task.plist in Resources */ = {isa = PBXBuildFile; fileRef = F39EBDB223A37016002BDE18 /* com.haocaihaocai.task.plist */; };
		F39EBDB523A3705E002BDE18 /* shelltask.sh in Resources */ = {isa = PBXBuildFile; fileRef = F39EBDB423A3705E002BDE18 /* shelltask.sh */; };
/* End PBXBuildFile section */

/* Begin PBXFileReference section */
		F39EBD9D23A36445002BDE18 /* launchctlDemo.app */ = {isa = PBXFileReference; explicitFileType = wrapper.application; includeInIndex = 0; path = launchctlDemo.app; sourceTree = BUILT_PRODUCTS_DIR; };
		F39EBDA023A36445002BDE18 /* AppDelegate.h */ = {isa = PBXFileReference; lastKnownFileType = sourcecode.c.h; path = AppDelegate.h; sourceTree = "<group>"; };
		F39EBDA123A36445002BDE18 /* AppDelegate.m */ = {isa = PBXFileReference; lastKnownFileType = sourcecode.c.objc; path = AppDelegate.m; sourceTree = "<group>"; };
		F39EBDA323A36447002BDE18 /* Assets.xcassets */ = {isa = PBXFileReference; lastKnownFileType = folder.assetcatalog; path = Assets.xcassets; sourceTree = "<group>"; };
		F39EBDA623A36447002BDE18 /* Base */ = {isa = PBXFileReference; lastKnownFileType = file.xib; name = Base; path = Base.lproj/MainMenu.xib; sourceTree = "<group>"; };
		F39EBDA823A36447002BDE18 /* Info.plist */ = {isa = PBXFileReference; lastKnownFileType = text.plist.xml; path = Info.plist; sourceTree = "<group>"; };
		F39EBDA923A36447002BDE18 /* main.m */ = {isa = PBXFileReference; lastKnownFileType = sourcecode.c.objc; path = main.m; sourceTree = "<group>"; };
		F39EBDAB23A36447002BDE18 /* launchctlDemo.entitlements */ = {isa = PBXFileReference; lastKnownFileType = text.plist.entitlements; path = launchctlDemo.entitlements; sourceTree = "<group>"; };
		F39EBDB223A37016002BDE18 /* com.haocaihaocai.task.plist */ = {isa = PBXFileReference; fileEncoding = 4; lastKnownFileType = text.plist.xml; path = com.haocaihaocai.task.plist; sourceTree = "<group>"; };
		F39EBDB423A3705E002BDE18 /* shelltask.sh */ = {isa = PBXFileReference; fileEncoding = 4; lastKnownFileType = text.script.sh; path = shelltask.sh; sourceTree = "<group>"; };
/* End PBXFileReference section */

/* Begin PBXFrameworksBuildPhase section */
		F39EBD9A23A36445002BDE18 /* Frameworks */ = {
			isa = PBXFrameworksBuildPhase;
			buildActionMask = 2147483647;
			files = (
			);
			runOnlyForDeploymentPostprocessing = 0;
		};
/* End PBXFrameworksBuildPhase section */

/* Begin PBXGroup section */
		F39EBD9423A36445002BDE18 = {
			isa = PBXGroup;
			children = (
				F39EBD9F23A36445002BDE18 /* launchctlDemo */,
				F39EBD9E23A36445002BDE18 /* Products */,
			);
			sourceTree = "<group>";
		};
		F39EBD9E23A36445002BDE18 /* Products */ = {
			isa = PBXGroup;
			children = (
				F39EBD9D23A36445002BDE18 /* launchctlDemo.app */,
			);
			name = Products;
			sourceTree = "<group>";
		};
		F39EBD9F23A36445002BDE18 /* launchctlDemo */ = {
			isa = PBXGroup;
			children = (
				F39EBDA023A36445002BDE18 /* AppDelegate.h */,
				F39EBDA123A36445002BDE18 /* AppDelegate.m */,
				F39EBDB423A3705E002BDE18 /* shelltask.sh */,
				F39EBDB223A37016002BDE18 /* com.haocaihaocai.task.plist */,
				F39EBDA323A36447002BDE18 /* Assets.xcassets */,
				F39EBDA523A36447002BDE18 /* MainMenu.xib */,
				F39EBDA823A36447002BDE18 /* Info.plist */,
				F39EBDA923A36447002BDE18 /* main.m */,
				F39EBDAB23A36447002BDE18 /* launchctlDemo.entitlements */,
			);
			path = launchctlDemo;
			sourceTree = "<group>";
		};
/* End PBXGroup section */

/* Begin PBXNativeTarget section */
		F39EBD9C23A36445002BDE18 /* launchctlDemo */ = {
			isa = PBXNativeTarget;
			buildConfigurationList = F39EBDAE23A36447002BDE18 /* Build configuration list for PBXNativeTarget "launchctlDemo" */;
			buildPhases = (
				F39EBD9923A36445002BDE18 /* Sources */,
				F39EBD9A23A36445002BDE18 /* Frameworks */,
				F39EBD9B23A36445002BDE18 /* Resources */,
			);
			buildRules = (
			);
			dependencies = (
			);
			name = launchctlDemo;
			productName = launchctlDemo;
			productReference = F39EBD9D23A36445002BDE18 /* launchctlDemo.app */;
			productType = "com.apple.product-type.application";
		};
/* End PBXNativeTarget section */

/* Begin PBXProject section */
		F39EBD9523A36445002BDE18 /* Project object */ = {
			isa = PBXProject;
			attributes = {
				LastUpgradeCheck = 1010;
				ORGANIZATIONNAME = sheng;
				TargetAttributes = {
					F39EBD9C23A36445002BDE18 = {
						CreatedOnToolsVersion = 10.1;
						SystemCapabilities = {
							com.apple.Sandbox = {
								enabled = 0;
							};
						};
					};
				};
			};
			buildConfigurationList = F39EBD9823A36445002BDE18 /* Build configuration list for PBXProject "launchctlDemo" */;
			compatibilityVersion = "Xcode 9.3";
			developmentRegion = en;
			hasScannedForEncodings = 0;
			knownRegions = (
				en,
				Base,
			);
			mainGroup = F39EBD9423A36445002BDE18;
			productRefGroup = F39EBD9E23A36445002BDE18 /* Products */;
			projectDirPath = "";
			projectRoot = "";
			targets = (
				F39EBD9C23A36445002BDE18 /* launchctlDemo */,
			);
		};
/* End PBXProject section */

/* Begin PBXResourcesBuildPhase section */
		F39EBD9B23A36445002BDE18 /* Resources */ = {
			isa = PBXResourcesBuildPhase;
			buildActionMask = 2147483647;
			files = (
				F39EBDB523A3705E002BDE18 /* shelltask.sh in Resources */,
				F39EBDA423A36447002BDE18 /* Assets.xcassets in Resources */,
				F39EBDA723A36447002BDE18 /* MainMenu.xib in Resources */,
				F39EBDB323A37016002BDE18 /* com.haocaihaocai.task.plist in Resources */,
			);
			runOnlyForDeploymentPostprocessing = 0;
		};
/* End PBXResourcesBuildPhase section */

/* Begin PBXSourcesBuildPhase section */
		F39EBD9923A36445002BDE18 /* Sources */ = {
			isa = PBXSourcesBuildPhase;
			buildActionMask = 2147483647;
			files = (
				F39EBDAA23A36447002BDE18 /* main.m in Sources */,
				F39EBDA223A36445002BDE18 /* AppDelegate.m in Sources */,
			);
			runOnlyForDeploymentPostprocessing = 0;
		};
/* End PBXSourcesBuildPhase section */

/* Begin PBXVariantGroup section */
		F39EBDA523A36447002BDE18 /* MainMenu.xib */ = {
			isa = PBXVariantGroup;
			children = (
				F39EBDA623A36447002BDE18 /* Base */,
			);
			name = MainMenu.xib;
			sourceTree = "<group>";
		};
/* End PBXVariantGroup section */

/* Begin XCBuildConfiguration section */
		F39EBDAC23A36447002BDE18 /* Debug */ = {
			isa = XCBuildConfiguration;
			buildSettings = {
				ALWAYS_SEARCH_USER_PATHS = NO;
				CLANG_ANALYZER_NONNULL = YES;
				CLANG_ANALYZER_NUMBER_OBJECT_CONVERSION = YES_AGGRESSIVE;
				CLANG_CXX_LANGUAGE_STANDARD = "gnu++14";
				CLANG_CXX_LIBRARY = "libc++";
				CLANG_ENABLE_MODULES = YES;
				CLANG_ENABLE_OBJC_ARC = YES;
				CLANG_ENABLE_OBJC_WEAK = YES;
				CLANG_WARN_BLOCK_CAPTURE_AUTORELEASING = YES;
				CLANG_WARN_BOOL_CONVERSION = YES;
				CLANG_WARN_COMMA = YES;
				CLANG_WARN_CONSTANT_CONVERSION = YES;
				CLANG_WARN_DEPRECATED_OBJC_IMPLEMENTATIONS = YES;
				CLANG_WARN_DIRECT_OBJC_ISA_USAGE = YES_ERROR;
				CLANG_WARN_DOCUMENTATION_COMMENTS = YES;
				CLANG_WARN_EMPTY_BODY = YES;
				CLANG_WARN_ENUM_CONVERSION = YES;
				CLANG_WARN_INFINITE_RECURSION = YES;
				CLANG_WARN_INT_CONVERSION = YES;
				CLANG_WARN_NON_LITERAL_NULL_CONVERSION = YES;
				CLANG_WARN_OBJC_IMPLICIT_RETAIN_SELF = YES;
				CLANG_WARN_OBJC_LITERAL_CONVERSION = YES;
				CLANG_WARN_OBJC_ROOT_CLASS = YES_ERROR;
				CLANG_WARN_RANGE_LOOP_ANALYSIS = YES;
				CLANG_WARN_STRICT_PROTOTYPES = YES;
				CLANG_WARN_SUSPICIOUS_MOVE = YES;
				CLANG_WARN_UNGUARDED_AVAILABILITY = YES_AGGRESSIVE;
				CLANG_WARN_UNREACHABLE_CODE = YES;
				CLANG_WARN__DUPLICATE_METHOD_MATCH = YES;
				CODE_SIGN_IDENTITY = "-";
				COPY_PHASE_STRIP = NO;
				DEBUG_INFORMATION_FORMAT = dwarf;
				ENABLE_STRICT_OBJC_MSGSEND = YES;
				ENABLE_TESTABILITY = YES;
				GCC_C_LANGUAGE_STANDARD = gnu11;
				GCC_DYNAMIC_NO_PIC = NO;
				GCC_NO_COMMON_BLOCKS = YES;
				GCC_OPTIMIZATION_LEVEL = 0;
				GCC_PREPROCESSOR_DEFINITIONS = (
					"DEBUG=1",
					"$(inherited)",
				);
				GCC_WARN_64_TO_32_BIT_CONVERSION = YES;
				GCC_WARN_ABOUT_RETURN_TYPE = YES_ERROR;
				GCC_WARN_UNDECLARED_SELECTOR = YES;
				GCC_WARN_UNINITIALIZED_AUTOS = YES_AGGRESSIVE;
				GCC_WARN_UNUSED_FUNCTION = YES;
				GCC_WARN_UNUSED_VARIABLE = YES;
				MACOSX_DEPLOYMENT_TARGET = 10.13;
				MTL_ENABLE_DEBUG_INFO = INCLUDE_SOURCE;
				MTL_FAST_MATH = YES;
				ONLY_ACTIVE_ARCH = YES;
				SDKROOT = macosx;
			};
			name = Debug;
		};
		F39EBDAD23A36447002BDE18 /* Release */ = {
			isa = XCBuildConfiguration;
			buildSettings = {
				ALWAYS_SEARCH_USER_PATHS = NO;
				CLANG_ANALYZER_NONNULL = YES;
				CLANG_ANALYZER_NUMBER_OBJECT_CONVERSION = YES_AGGRESSIVE;
				CLANG_CXX_LANGUAGE_STANDARD = "gnu++14";
				CLANG_CXX_LIBRARY = "libc++";
				CLANG_ENABLE_MODULES = YES;
				CLANG_ENABLE_OBJC_ARC = YES;
				CLANG_ENABLE_OBJC_WEAK = YES;
				CLANG_WARN_BLOCK_CAPTURE_AUTORELEASING = YES;
				CLANG_WARN_BOOL_CONVERSION = YES;
				CLANG_WARN_COMMA = YES;
				CLANG_WARN_CONSTANT_CONVERSION = YES;
				CLANG_WARN_DEPRECATED_OBJC_IMPLEMENTATIONS = YES;
				CLANG_WARN_DIRECT_OBJC_ISA_USAGE = YES_ERROR;
				CLANG_WARN_DOCUMENTATION_COMMENTS = YES;
				CLANG_WARN_EMPTY_BODY = YES;
				CLANG_WARN_ENUM_CONVERSION = YES;
				CLANG_WARN_INFINITE_RECURSION = YES;
				CLANG_WARN_INT_CONVERSION = YES;
				CLANG_WARN_NON_LITERAL_NULL_CONVERSION = YES;
				CLANG_WARN_OBJC_IMPLICIT_RETAIN_SELF = YES;
				CLANG_WARN_OBJC_LITERAL_CONVERSION = YES;
				CLANG_WARN_OBJC_ROOT_CLASS = YES_ERROR;
				CLANG_WARN_RANGE_LOOP_ANALYSIS = YES;
				CLANG_WARN_STRICT_PROTOTYPES = YES;
				CLANG_WARN_SUSPICIOUS_MOVE = YES;
				CLANG_WARN_UNGUARDED_AVAILABILITY = YES_AGGRESSIVE;
				CLANG_WARN_UNREACHABLE_CODE = YES;
				CLANG_WARN__DUPLICATE_METHOD_MATCH = YES;
				CODE_SIGN_IDENTITY = "-";
				COPY_PHASE_STRIP = NO;
				DEBUG_INFORMATION_FORMAT = "dwarf-with-dsym";
				ENABLE_NS_ASSERTIONS = NO;
				ENABLE_STRICT_OBJC_MSGSEND = YES;
				GCC_C_LANGUAGE_STANDARD = gnu11;
				GCC_NO_COMMON_BLOCKS = YES;
				GCC_WARN_64_TO_32_BIT_CONVERSION = YES;
				GCC_WARN_ABOUT_RETURN_TYPE = YES_ERROR;
				GCC_WARN_UNDECLARED_SELECTOR = YES;
				GCC_WARN_UNINITIALIZED_AUTOS = YES_AGGRESSIVE;
				GCC_WARN_UNUSED_FUNCTION = YES;
				GCC_WARN_UNUSED_VARIABLE = YES;
				MACOSX_DEPLOYMENT_TARGET = 10.13;
				MTL_ENABLE_DEBUG_INFO = NO;
				MTL_FAST_MATH = YES;
				SDKROOT = macosx;
			};
			name = Release;
		};
		F39EBDAF23A36447002BDE18 /* Debug */ = {
			isa = XCBuildConfiguration;
			buildSettings = {
				ASSETCATALOG_COMPILER_APPICON_NAME = AppIcon;
				CODE_SIGN_STYLE = Automatic;
				COMBINE_HIDPI_IMAGES = YES;
				INFOPLIST_FILE = launchctlDemo/Info.plist;
				LD_RUNPATH_SEARCH_PATHS = (
					"$(inherited)",
					"@executable_path/../Frameworks",
				);
				PRODUCT_BUNDLE_IDENTIFIER = com.haocai.launchctlDemo;
				PRODUCT_NAME = "$(TARGET_NAME)";
			};
			name = Debug;
		};
		F39EBDB023A36447002BDE18 /* Release */ = {
			isa = XCBuildConfiguration;
			buildSettings = {
				ASSETCATALOG_COMPILER_APPICON_NAME = AppIcon;
				CODE_SIGN_STYLE = Automatic;
				COMBINE_HIDPI_IMAGES = YES;
				INFOPLIST_FILE = launchctlDemo/Info.plist;
				LD_RUNPATH_SEARCH_PATHS = (
					"$(inherited)",
					"@executable_path/../Frameworks",
				);
				PRODUCT_BUNDLE_IDENTIFIER = com.haocai.launchctlDemo;
				PRODUCT_NAME = "$(TARGET_NAME)";
			};
			name = Release;
		};
/* End XCBuildConfiguration section */

/* Begin XCConfigurationList section */
		F39EBD9823A36445002BDE18 /* Build configuration list for PBXProject "launchctlDemo" */ = {
			isa = XCConfigurationList;
			buildConfigurations = (
				F39EBDAC23A36447002BDE18 /* Debug */,
				F39EBDAD23A36447002BDE18 /* Release */,
			);
			defaultConfigurationIsVisible = 0;
			defaultConfigurationName = Release;
		};
		F39EBDAE23A36447002BDE18 /* Build configuration list for PBXNativeTarget "launchctlDemo" */ = {
			isa = XCConfigurationList;
			buildConfigurations = (
				F39EBDAF23A36447002BDE18 /* Debug */,
				F39EBDB023A36447002BDE18 /* Release */,
			);
			defaultConfigurationIsVisible = 0;
			defaultConfigurationName = Release;
		};
/* End XCConfigurationList section */
	};
	rootObject = F39EBD9523A36445002BDE18 /* Project object */;
}
